
Microsoft Visual Studio Solution File, Format Version 12.00
# Visual Studio Version 16
VisualStudioVersion = 16.0.31424.327
MinimumVisualStudioVersion = 10.0.40219.1
Project("{9A19103F-16F7-4668-BE54-9A1E7A4F7556}") = "VaultWorker", ".\VaultWorker\VaultWorker.csproj", "{DAEEEFD4-F389-4CB0-A037-6E5554CE2C93}"
EndProject
Project("{FAE04EC0-301F-11D3-BF4B-00C04F79EFBC}") = "VaultWorker.Test", ".\VaultWorker.Test\VaultWorker.Test.csproj", "{89BEB9D3-485C-4FC5-87E2-BFE661B2FE45}"
EndProject
Global
	GlobalSection(SolutionConfigurationPlatforms) = preSolution
		Debug|Any CPU = Debug|Any CPU
		Release|Any CPU = Release|Any CPU
	EndGlobalSection
	GlobalSection(ProjectConfigurationPlatforms) = postSolution
		{DAEEEFD4-F389-4CB0-A037-6E5554CE2C93}.Debug|Any CPU.ActiveCfg = Debug|Any CPU
		{DAEEEFD4-F389-4CB0-A037-6E5554CE2C93}.Debug|Any CPU.Build.0 = Debug|Any CPU
		{DAEEEFD4-F389-4CB0-A037-6E5554CE2C93}.Release|Any CPU.ActiveCfg = Release|Any CPU
		{DAEEEFD4-F389-4CB0-A037-6E5554CE2C93}.Release|Any CPU.Build.0 = Release|Any CPU
		{89BEB9D3-485C-4FC5-87E2-BFE661B2FE45}.Debug|Any CPU.ActiveCfg = Debug|Any CPU
		{89BEB9D3-485C-4FC5-87E2-BFE661B2FE45}.Debug|Any CPU.Build.0 = Debug|Any CPU
		{89BEB9D3-485C-4FC5-87E2-BFE661B2FE45}.Release|Any CPU.ActiveCfg = Release|Any CPU
		{89BEB9D3-485C-4FC5-87E2-BFE661B2FE45}.Release|Any CPU.Build.0 = Release|Any CPU
	EndGlobalSection
	GlobalSection(SolutionProperties) = preSolution
		HideSolutionNode = FALSE
	EndGlobalSection
	GlobalSection(ExtensibilityGlobals) = postSolution
		SolutionGuid = {B36D5F17-B230-4BB6-87E8-FB2E94B19EA7}
	EndGlobalSection
EndGlobal
